
Microsoft Visual Studio Solution File, Format Version 12.00
# Visual Studio Version 17
VisualStudioVersion = 17.9.34701.34
MinimumVisualStudioVersion = 10.0.40219.1
Project("{FAE04EC0-301F-11D3-BF4B-00C04F79EFBC}") = "WB.UWP", "WB\WB.UWP\WB.UWP.csproj", "{A9F53B12-9577-4BCC-B5FC-1AC2D47B7D23}"
EndProject
Project("{FAE04EC0-301F-11D3-BF4B-00C04F79EFBC}") = "WB.Android", "WB\WB.Android\WB.Android.csproj", "{E5572D7A-FF29-45D1-8B3C-64A2E16CE99E}"
EndProject
Project("{FAE04EC0-301F-11D3-BF4B-00C04F79EFBC}") = "WB.iOS", "WB\WB.iOS\WB.iOS.csproj", "{26FD2B02-8FED-464D-A3CD-86EB733910CF}"
EndProject
Project("{FAE04EC0-301F-11D3-BF4B-00C04F79EFBC}") = "WB", "WB\WB\WB.csproj", "{2333B363-35E5-4674-9E54-D8EEF05AB2F6}"
EndProject
Global
	GlobalSection(SolutionConfigurationPlatforms) = preSolution
		Debug|Any CPU = Debug|Any CPU
		Debug|ARM = Debug|ARM
		Debug|iPhone = Debug|iPhone
		Debug|iPhoneSimulator = Debug|iPhoneSimulator
		Debug|x64 = Debug|x64
		Debug|x86 = Debug|x86
		Release|Any CPU = Release|Any CPU
		Release|ARM = Release|ARM
		Release|iPhone = Release|iPhone
		Release|iPhoneSimulator = Release|iPhoneSimulator
		Release|x64 = Release|x64
		Release|x86 = Release|x86
	EndGlobalSection
	GlobalSection(ProjectConfigurationPlatforms) = postSolution
		{A9F53B12-9577-4BCC-B5FC-1AC2D47B7D23}.Debug|Any CPU.ActiveCfg = Debug|x64
		{A9F53B12-9577-4BCC-B5FC-1AC2D47B7D23}.Debug|Any CPU.Build.0 = Debug|x64
		{A9F53B12-9577-4BCC-B5FC-1AC2D47B7D23}.Debug|Any CPU.Deploy.0 = Debug|x64
		{A9F53B12-9577-4BCC-B5FC-1AC2D47B7D23}.Debug|ARM.ActiveCfg = Debug|ARM
		{A9F53B12-9577-4BCC-B5FC-1AC2D47B7D23}.Debug|ARM.Build.0 = Debug|ARM
		{A9F53B12-9577-4BCC-B5FC-1AC2D47B7D23}.Debug|ARM.Deploy.0 = Debug|ARM
		{A9F53B12-9577-4BCC-B5FC-1AC2D47B7D23}.Debug|iPhone.ActiveCfg = Debug|x64
		{A9F53B12-9577-4BCC-B5FC-1AC2D47B7D23}.Debug|iPhone.Build.0 = Debug|x64
		{A9F53B12-9577-4BCC-B5FC-1AC2D47B7D23}.Debug|iPhone.Deploy.0 = Debug|x64
		{A9F53B12-9577-4BCC-B5FC-1AC2D47B7D23}.Debug|iPhoneSimulator.ActiveCfg = Debug|x64
		{A9F53B12-9577-4BCC-B5FC-1AC2D47B7D23}.Debug|iPhoneSimulator.Build.0 = Debug|x64
		{A9F53B12-9577-4BCC-B5FC-1AC2D47B7D23}.Debug|iPhoneSimulator.Deploy.0 = Debug|x64
		{A9F53B12-9577-4BCC-B5FC-1AC2D47B7D23}.Debug|x64.ActiveCfg = Debug|x64
		{A9F53B12-9577-4BCC-B5FC-1AC2D47B7D23}.Debug|x64.Build.0 = Debug|x64
		{A9F53B12-9577-4BCC-B5FC-1AC2D47B7D23}.Debug|x64.Deploy.0 = Debug|x64
		{A9F53B12-9577-4BCC-B5FC-1AC2D47B7D23}.Debug|x86.ActiveCfg = Debug|x86
		{A9F53B12-9577-4BCC-B5FC-1AC2D47B7D23}.Debug|x86.Build.0 = Debug|x86
		{A9F53B12-9577-4BCC-B5FC-1AC2D47B7D23}.Debug|x86.Deploy.0 = Debug|x86
		{A9F53B12-9577-4BCC-B5FC-1AC2D47B7D23}.Release|Any CPU.ActiveCfg = Release|x64
		{A9F53B12-9577-4BCC-B5FC-1AC2D47B7D23}.Release|Any CPU.Build.0 = Release|x64
		{A9F53B12-9577-4BCC-B5FC-1AC2D47B7D23}.Release|Any CPU.Deploy.0 = Release|x64
		{A9F53B12-9577-4BCC-B5FC-1AC2D47B7D23}.Release|ARM.ActiveCfg = Release|ARM
		{A9F53B12-9577-4BCC-B5FC-1AC2D47B7D23}.Release|ARM.Build.0 = Release|ARM
		{A9F53B12-9577-4BCC-B5FC-1AC2D47B7D23}.Release|ARM.Deploy.0 = Release|ARM
		{A9F53B12-9577-4BCC-B5FC-1AC2D47B7D23}.Release|iPhone.ActiveCfg = Release|x64
		{A9F53B12-9577-4BCC-B5FC-1AC2D47B7D23}.Release|iPhone.Build.0 = Release|x64
		{A9F53B12-9577-4BCC-B5FC-1AC2D47B7D23}.Release|iPhone.Deploy.0 = Release|x64
		{A9F53B12-9577-4BCC-B5FC-1AC2D47B7D23}.Release|iPhoneSimulator.ActiveCfg = Release|x64
		{A9F53B12-9577-4BCC-B5FC-1AC2D47B7D23}.Release|iPhoneSimulator.Build.0 = Release|x64
		{A9F53B12-9577-4BCC-B5FC-1AC2D47B7D23}.Release|iPhoneSimulator.Deploy.0 = Release|x64
		{A9F53B12-9577-4BCC-B5FC-1AC2D47B7D23}.Release|x64.ActiveCfg = Release|x64
		{A9F53B12-9577-4BCC-B5FC-1AC2D47B7D23}.Release|x64.Build.0 = Release|x64
		{A9F53B12-9577-4BCC-B5FC-1AC2D47B7D23}.Release|x64.Deploy.0 = Release|x64
		{A9F53B12-9577-4BCC-B5FC-1AC2D47B7D23}.Release|x86.ActiveCfg = Release|x86
		{A9F53B12-9577-4BCC-B5FC-1AC2D47B7D23}.Release|x86.Build.0 = Release|x86
		{A9F53B12-9577-4BCC-B5FC-1AC2D47B7D23}.Release|x86.Deploy.0 = Release|x86
		{E5572D7A-FF29-45D1-8B3C-64A2E16CE99E}.Debug|Any CPU.ActiveCfg = Debug|Any CPU
		{E5572D7A-FF29-45D1-8B3C-64A2E16CE99E}.Debug|Any CPU.Build.0 = Debug|Any CPU
		{E5572D7A-FF29-45D1-8B3C-64A2E16CE99E}.Debug|Any CPU.Deploy.0 = Debug|Any CPU
		{E5572D7A-FF29-45D1-8B3C-64A2E16CE99E}.Debug|ARM.ActiveCfg = Debug|Any CPU
		{E5572D7A-FF29-45D1-8B3C-64A2E16CE99E}.Debug|ARM.Build.0 = Debug|Any CPU
		{E5572D7A-FF29-45D1-8B3C-64A2E16CE99E}.Debug|ARM.Deploy.0 = Debug|Any CPU
		{E5572D7A-FF29-45D1-8B3C-64A2E16CE99E}.Debug|iPhone.ActiveCfg = Debug|Any CPU
		{E5572D7A-FF29-45D1-8B3C-64A2E16CE99E}.Debug|iPhone.Build.0 = Debug|Any CPU
		{E5572D7A-FF29-45D1-8B3C-64A2E16CE99E}.Debug|iPhone.Deploy.0 = Debug|Any CPU
		{E5572D7A-FF29-45D1-8B3C-64A2E16CE99E}.Debug|iPhoneSimulator.ActiveCfg = Debug|Any CPU
		{E5572D7A-FF29-45D1-8B3C-64A2E16CE99E}.Debug|iPhoneSimulator.Build.0 = Debug|Any CPU
		{E5572D7A-FF29-45D1-8B3C-64A2E16CE99E}.Debug|iPhoneSimulator.Deploy.0 = Debug|Any CPU
		{E5572D7A-FF29-45D1-8B3C-64A2E16CE99E}.Debug|x64.ActiveCfg = Debug|Any CPU
		{E5572D7A-FF29-45D1-8B3C-64A2E16CE99E}.Debug|x64.Build.0 = Debug|Any CPU
		{E5572D7A-FF29-45D1-8B3C-64A2E16CE99E}.Debug|x64.Deploy.0 = Debug|Any CPU
		{E5572D7A-FF29-45D1-8B3C-64A2E16CE99E}.Debug|x86.ActiveCfg = Debug|Any CPU
		{E5572D7A-FF29-45D1-8B3C-64A2E16CE99E}.Debug|x86.Build.0 = Debug|Any CPU
		{E5572D7A-FF29-45D1-8B3C-64A2E16CE99E}.Debug|x86.Deploy.0 = Debug|Any CPU
		{E5572D7A-FF29-45D1-8B3C-64A2E16CE99E}.Release|Any CPU.ActiveCfg = Release|Any CPU
		{E5572D7A-FF29-45D1-8B3C-64A2E16CE99E}.Release|Any CPU.Build.0 = Release|Any CPU
		{E5572D7A-FF29-45D1-8B3C-64A2E16CE99E}.Release|Any CPU.Deploy.0 = Release|Any CPU
		{E5572D7A-FF29-45D1-8B3C-64A2E16CE99E}.Release|ARM.ActiveCfg = Release|Any CPU
		{E5572D7A-FF29-45D1-8B3C-64A2E16CE99E}.Release|ARM.Build.0 = Release|Any CPU
		{E5572D7A-FF29-45D1-8B3C-64A2E16CE99E}.Release|ARM.Deploy.0 = Release|Any CPU
		{E5572D7A-FF29-45D1-8B3C-64A2E16CE99E}.Release|iPhone.ActiveCfg = Release|Any CPU
		{E5572D7A-FF29-45D1-8B3C-64A2E16CE99E}.Release|iPhone.Build.0 = Release|Any CPU
		{E5572D7A-FF29-45D1-8B3C-64A2E16CE99E}.Release|iPhone.Deploy.0 = Release|Any CPU
		{E5572D7A-FF29-45D1-8B3C-64A2E16CE99E}.Release|iPhoneSimulator.ActiveCfg = Release|Any CPU
		{E5572D7A-FF29-45D1-8B3C-64A2E16CE99E}.Release|iPhoneSimulator.Build.0 = Release|Any CPU
		{E5572D7A-FF29-45D1-8B3C-64A2E16CE99E}.Release|iPhoneSimulator.Deploy.0 = Release|Any CPU
		{E5572D7A-FF29-45D1-8B3C-64A2E16CE99E}.Release|x64.ActiveCfg = Release|Any CPU
		{E5572D7A-FF29-45D1-8B3C-64A2E16CE99E}.Release|x64.Build.0 = Release|Any CPU
		{E5572D7A-FF29-45D1-8B3C-64A2E16CE99E}.Release|x64.Deploy.0 = Release|Any CPU
		{E5572D7A-FF29-45D1-8B3C-64A2E16CE99E}.Release|x86.ActiveCfg = Release|Any CPU
		{E5572D7A-FF29-45D1-8B3C-64A2E16CE99E}.Release|x86.Build.0 = Release|Any CPU
		{E5572D7A-FF29-45D1-8B3C-64A2E16CE99E}.Release|x86.Deploy.0 = Release|Any CPU
		{26FD2B02-8FED-464D-A3CD-86EB733910CF}.Debug|Any CPU.ActiveCfg = Debug|iPhoneSimulator
		{26FD2B02-8FED-464D-A3CD-86EB733910CF}.Debug|Any CPU.Build.0 = Debug|iPhoneSimulator
		{26FD2B02-8FED-464D-A3CD-86EB733910CF}.Debug|Any CPU.Deploy.0 = Debug|iPhoneSimulator
		{26FD2B02-8FED-464D-A3CD-86EB733910CF}.Debug|ARM.ActiveCfg = Debug|iPhoneSimulator
		{26FD2B02-8FED-464D-A3CD-86EB733910CF}.Debug|ARM.Build.0 = Debug|iPhoneSimulator
		{26FD2B02-8FED-464D-A3CD-86EB733910CF}.Debug|ARM.Deploy.0 = Debug|iPhoneSimulator
		{26FD2B02-8FED-464D-A3CD-86EB733910CF}.Debug|iPhone.ActiveCfg = Debug|iPhone
		{26FD2B02-8FED-464D-A3CD-86EB733910CF}.Debug|iPhone.Build.0 = Debug|iPhone
		{26FD2B02-8FED-464D-A3CD-86EB733910CF}.Debug|iPhone.Deploy.0 = Debug|iPhone
		{26FD2B02-8FED-464D-A3CD-86EB733910CF}.Debug|iPhoneSimulator.ActiveCfg = Debug|iPhoneSimulator
		{26FD2B02-8FED-464D-A3CD-86EB733910CF}.Debug|iPhoneSimulator.Build.0 = Debug|iPhoneSimulator
		{26FD2B02-8FED-464D-A3CD-86EB733910CF}.Debug|iPhoneSimulator.Deploy.0 = Debug|iPhoneSimulator
		{26FD2B02-8FED-464D-A3CD-86EB733910CF}.Debug|x64.ActiveCfg = Debug|iPhone
		{26FD2B02-8FED-464D-A3CD-86EB733910CF}.Debug|x64.Build.0 = Debug|iPhone
		{26FD2B02-8FED-464D-A3CD-86EB733910CF}.Debug|x64.Deploy.0 = Debug|iPhone
		{26FD2B02-8FED-464D-A3CD-86EB733910CF}.Debug|x86.ActiveCfg = Debug|iPhoneSimulator
		{26FD2B02-8FED-464D-A3CD-86EB733910CF}.Debug|x86.Build.0 = Debug|iPhoneSimulator
		{26FD2B02-8FED-464D-A3CD-86EB733910CF}.Debug|x86.Deploy.0 = Debug|iPhoneSimulator
		{26FD2B02-8FED-464D-A3CD-86EB733910CF}.Release|Any CPU.ActiveCfg = Release|iPhoneSimulator
		{26FD2B02-8FED-464D-A3CD-86EB733910CF}.Release|Any CPU.Build.0 = Release|iPhoneSimulator
		{26FD2B02-8FED-464D-A3CD-86EB733910CF}.Release|Any CPU.Deploy.0 = Release|iPhoneSimulator
		{26FD2B02-8FED-464D-A3CD-86EB733910CF}.Release|ARM.ActiveCfg = Release|iPhoneSimulator
		{26FD2B02-8FED-464D-A3CD-86EB733910CF}.Release|ARM.Build.0 = Release|iPhoneSimulator
		{26FD2B02-8FED-464D-A3CD-86EB733910CF}.Release|ARM.Deploy.0 = Release|iPhoneSimulator
		{26FD2B02-8FED-464D-A3CD-86EB733910CF}.Release|iPhone.ActiveCfg = Release|iPhone
		{26FD2B02-8FED-464D-A3CD-86EB733910CF}.Release|iPhone.Build.0 = Release|iPhone
		{26FD2B02-8FED-464D-A3CD-86EB733910CF}.Release|iPhone.Deploy.0 = Release|iPhone
		{26FD2B02-8FED-464D-A3CD-86EB733910CF}.Release|iPhoneSimulator.ActiveCfg = Release|iPhoneSimulator
		{26FD2B02-8FED-464D-A3CD-86EB733910CF}.Release|iPhoneSimulator.Build.0 = Release|iPhoneSimulator
		{26FD2B02-8FED-464D-A3CD-86EB733910CF}.Release|iPhoneSimulator.Deploy.0 = Release|iPhoneSimulator
		{26FD2B02-8FED-464D-A3CD-86EB733910CF}.Release|x64.ActiveCfg = Release|iPhoneSimulator
		{26FD2B02-8FED-464D-A3CD-86EB733910CF}.Release|x64.Build.0 = Release|iPhoneSimulator
		{26FD2B02-8FED-464D-A3CD-86EB733910CF}.Release|x64.Deploy.0 = Release|iPhoneSimulator
		{26FD2B02-8FED-464D-A3CD-86EB733910CF}.Release|x86.ActiveCfg = Release|iPhoneSimulator
		{26FD2B02-8FED-464D-A3CD-86EB733910CF}.Release|x86.Build.0 = Release|iPhoneSimulator
		{26FD2B02-8FED-464D-A3CD-86EB733910CF}.Release|x86.Deploy.0 = Release|iPhoneSimulator
		{2333B363-35E5-4674-9E54-D8EEF05AB2F6}.Debug|Any CPU.ActiveCfg = Debug|Any CPU
		{2333B363-35E5-4674-9E54-D8EEF05AB2F6}.Debug|Any CPU.Build.0 = Debug|Any CPU
		{2333B363-35E5-4674-9E54-D8EEF05AB2F6}.Debug|Any CPU.Deploy.0 = Debug|Any CPU
		{2333B363-35E5-4674-9E54-D8EEF05AB2F6}.Debug|ARM.ActiveCfg = Debug|Any CPU
		{2333B363-35E5-4674-9E54-D8EEF05AB2F6}.Debug|ARM.Build.0 = Debug|Any CPU
		{2333B363-35E5-4674-9E54-D8EEF05AB2F6}.Debug|ARM.Deploy.0 = Debug|Any CPU
		{2333B363-35E5-4674-9E54-D8EEF05AB2F6}.Debug|iPhone.ActiveCfg = Debug|Any CPU
		{2333B363-35E5-4674-9E54-D8EEF05AB2F6}.Debug|iPhone.Build.0 = Debug|Any CPU
		{2333B363-35E5-4674-9E54-D8EEF05AB2F6}.Debug|iPhone.Deploy.0 = Debug|Any CPU
		{2333B363-35E5-4674-9E54-D8EEF05AB2F6}.Debug|iPhoneSimulator.ActiveCfg = Debug|Any CPU
		{2333B363-35E5-4674-9E54-D8EEF05AB2F6}.Debug|iPhoneSimulator.Build.0 = Debug|Any CPU
		{2333B363-35E5-4674-9E54-D8EEF05AB2F6}.Debug|iPhoneSimulator.Deploy.0 = Debug|Any CPU
		{2333B363-35E5-4674-9E54-D8EEF05AB2F6}.Debug|x64.ActiveCfg = Debug|Any CPU
		{2333B363-35E5-4674-9E54-D8EEF05AB2F6}.Debug|x64.Build.0 = Debug|Any CPU
		{2333B363-35E5-4674-9E54-D8EEF05AB2F6}.Debug|x64.Deploy.0 = Debug|Any CPU
		{2333B363-35E5-4674-9E54-D8EEF05AB2F6}.Debug|x86.ActiveCfg = Debug|Any CPU
		{2333B363-35E5-4674-9E54-D8EEF05AB2F6}.Debug|x86.Build.0 = Debug|Any CPU
		{2333B363-35E5-4674-9E54-D8EEF05AB2F6}.Debug|x86.Deploy.0 = Debug|Any CPU
		{2333B363-35E5-4674-9E54-D8EEF05AB2F6}.Release|Any CPU.ActiveCfg = Release|Any CPU
		{2333B363-35E5-4674-9E54-D8EEF05AB2F6}.Release|Any CPU.Build.0 = Release|Any CPU
		{2333B363-35E5-4674-9E54-D8EEF05AB2F6}.Release|Any CPU.Deploy.0 = Release|Any CPU
		{2333B363-35E5-4674-9E54-D8EEF05AB2F6}.Release|ARM.ActiveCfg = Release|Any CPU
		{2333B363-35E5-4674-9E54-D8EEF05AB2F6}.Release|ARM.Build.0 = Release|Any CPU
		{2333B363-35E5-4674-9E54-D8EEF05AB2F6}.Release|ARM.Deploy.0 = Release|Any CPU
		{2333B363-35E5-4674-9E54-D8EEF05AB2F6}.Release|iPhone.ActiveCfg = Release|Any CPU
		{2333B363-35E5-4674-9E54-D8EEF05AB2F6}.Release|iPhone.Build.0 = Release|Any CPU
		{2333B363-35E5-4674-9E54-D8EEF05AB2F6}.Release|iPhone.Deploy.0 = Release|Any CPU
		{2333B363-35E5-4674-9E54-D8EEF05AB2F6}.Release|iPhoneSimulator.ActiveCfg = Release|Any CPU
		{2333B363-35E5-4674-9E54-D8EEF05AB2F6}.Release|iPhoneSimulator.Build.0 = Release|Any CPU
		{2333B363-35E5-4674-9E54-D8EEF05AB2F6}.Release|iPhoneSimulator.Deploy.0 = Release|Any CPU
		{2333B363-35E5-4674-9E54-D8EEF05AB2F6}.Release|x64.ActiveCfg = Release|Any CPU
		{2333B363-35E5-4674-9E54-D8EEF05AB2F6}.Release|x64.Build.0 = Release|Any CPU
		{2333B363-35E5-4674-9E54-D8EEF05AB2F6}.Release|x64.Deploy.0 = Release|Any CPU
		{2333B363-35E5-4674-9E54-D8EEF05AB2F6}.Release|x86.ActiveCfg = Release|Any CPU
		{2333B363-35E5-4674-9E54-D8EEF05AB2F6}.Release|x86.Build.0 = Release|Any CPU
		{2333B363-35E5-4674-9E54-D8EEF05AB2F6}.Release|x86.Deploy.0 = Release|Any CPU
	EndGlobalSection
	GlobalSection(SolutionProperties) = preSolution
		HideSolutionNode = FALSE
	EndGlobalSection
	GlobalSection(ExtensibilityGlobals) = postSolution
		SolutionGuid = {233E8601-4FE4-4ACC-B957-5753F041F1DA}
	EndGlobalSection
EndGlobal
